
Microsoft Visual Studio Solution File, Format Version 12.00
# Visual Studio Version 16
VisualStudioVersion = 16.0.31112.23
MinimumVisualStudioVersion = 10.0.40219.1
Project("{FAE04EC0-301F-11D3-BF4B-00C04F79EFBC}") = "johns projekt", "johns projekt\johns projekt.csproj", "{70CB6457-6B1E-4E6F-A96F-D28E75DF265A}"
EndProject
Global
	GlobalSection(SolutionConfigurationPlatforms) = preSolution
		Debug|Any CPU = Debug|Any CPU
		Release|Any CPU = Release|Any CPU
	EndGlobalSection
	GlobalSection(ProjectConfigurationPlatforms) = postSolution
		{70CB6457-6B1E-4E6F-A96F-D28E75DF265A}.Debug|Any CPU.ActiveCfg = Debug|Any CPU
		{70CB6457-6B1E-4E6F-A96F-D28E75DF265A}.Debug|Any CPU.Build.0 = Debug|Any CPU
		{70CB6457-6B1E-4E6F-A96F-D28E75DF265A}.Release|Any CPU.ActiveCfg = Release|Any CPU
		{70CB6457-6B1E-4E6F-A96F-D28E75DF265A}.Release|Any CPU.Build.0 = Release|Any CPU
	EndGlobalSection
	GlobalSection(SolutionProperties) = preSolution
		HideSolutionNode = FALSE
	EndGlobalSection
	GlobalSection(ExtensibilityGlobals) = postSolution
		SolutionGuid = {4C1BFD7E-E164-49E8-9B13-7EE1C715C2C7}
	EndGlobalSection
EndGlobal
